
Microsoft Visual Studio Solution File, Format Version 12.00
# Visual Studio Version 16
VisualStudioVersion = 16.0.30309.148
MinimumVisualStudioVersion = 10.0.40219.1
Project("{FAE04EC0-301F-11D3-BF4B-00C04F79EFBC}") = "class2checkpoint", "class2checkpoint.csproj", "{6C24A1C7-F0A3-410A-8839-D540D1B1D7C7}"
EndProject
Global
	GlobalSection(SolutionConfigurationPlatforms) = preSolution
		Debug|Any CPU = Debug|Any CPU
		Release|Any CPU = Release|Any CPU
	EndGlobalSection
	GlobalSection(ProjectConfigurationPlatforms) = postSolution
		{6C24A1C7-F0A3-410A-8839-D540D1B1D7C7}.Debug|Any CPU.ActiveCfg = Debug|Any CPU
		{6C24A1C7-F0A3-410A-8839-D540D1B1D7C7}.Debug|Any CPU.Build.0 = Debug|Any CPU
		{6C24A1C7-F0A3-410A-8839-D540D1B1D7C7}.Release|Any CPU.ActiveCfg = Release|Any CPU
		{6C24A1C7-F0A3-410A-8839-D540D1B1D7C7}.Release|Any CPU.Build.0 = Release|Any CPU
	EndGlobalSection
	GlobalSection(SolutionProperties) = preSolution
		HideSolutionNode = FALSE
	EndGlobalSection
	GlobalSection(ExtensibilityGlobals) = postSolution
		SolutionGuid = {E83E65A9-FA51-4A07-98BA-B1A457FAC8FF}
	EndGlobalSection
EndGlobal
